// !$*UTF8*$!
{
	archiveVersion = 1;
	classes = {
	};
	objectVersion = 56;
	objects = {

/* Begin PBXBuildFile section */
		AC5D41DB51AB55088ED99D68 /* Pods_AI_Editor.framework in Frameworks */ = {isa = PBXBuildFile; fileRef = 6C925EB74AD129658FB811AA /* Pods_AI_Editor.framework */; };
		B41A4D77296F20C300E2CC7B /* AIEditor+Extensions.swift in Sources */ = {isa = PBXBuildFile; fileRef = B41A4D76296F20C300E2CC7B /* AIEditor+Extensions.swift */; };
		B484D646296E01850092CBD6 /* Rectangle 2273.png in Resources */ = {isa = PBXBuildFile; fileRef = B484D645296E01850092CBD6 /* Rectangle 2273.png */; };
		B4AA08B6296FBA9F00DD9BBA /* UIViewControllerExtensions.swift in Sources */ = {isa = PBXBuildFile; fileRef = B4AA08B5296FBA9F00DD9BBA /* UIViewControllerExtensions.swift */; };
		EE0ADDC9295DC4E4007D731A /* Factory.swift in Sources */ = {isa = PBXBuildFile; fileRef = EE0ADDC4295DC4E4007D731A /* Factory.swift */; };
		EE0ADDCA295DC4E4007D731A /* LaLabsu2netp.mlmodelc in Resources */ = {isa = PBXBuildFile; fileRef = EE0ADDC6295DC4E4007D731A /* LaLabsu2netp.mlmodelc */; };
		EE0ADDCB295DC4E4007D731A /* LaLabsu2netp.swift in Sources */ = {isa = PBXBuildFile; fileRef = EE0ADDC7295DC4E4007D731A /* LaLabsu2netp.swift */; };
		EE0ADDCC295DC4E4007D731A /* BackgroundRemoval.swift in Sources */ = {isa = PBXBuildFile; fileRef = EE0ADDC8295DC4E4007D731A /* BackgroundRemoval.swift */; };
		EE0ADDCE295DE203007D731A /* DeepLabV3.mlmodel in Sources */ = {isa = PBXBuildFile; fileRef = EE0ADDCD295DE203007D731A /* DeepLabV3.mlmodel */; };
		EE0ADDDE295DE20D007D731A /* Array+Extensions.swift in Sources */ = {isa = PBXBuildFile; fileRef = EE0ADDD0295DE20D007D731A /* Array+Extensions.swift */; };
		EE0ADDDF295DE20D007D731A /* Math.swift in Sources */ = {isa = PBXBuildFile; fileRef = EE0ADDD1295DE20D007D731A /* Math.swift */; };
		EE0ADDE0295DE20D007D731A /* UIImage+CVPixelBuffer.swift in Sources */ = {isa = PBXBuildFile; fileRef = EE0ADDD2295DE20D007D731A /* UIImage+CVPixelBuffer.swift */; };
		EE0ADDE1295DE20D007D731A /* Predictions.swift in Sources */ = {isa = PBXBuildFile; fileRef = EE0ADDD3295DE20D007D731A /* Predictions.swift */; };
		EE0ADDE2295DE20D007D731A /* UIImage+Extensions.swift in Sources */ = {isa = PBXBuildFile; fileRef = EE0ADDD4295DE20D007D731A /* UIImage+Extensions.swift */; };
		EE0ADDE3295DE20D007D731A /* CGImagePropertyOrientation.swift in Sources */ = {isa = PBXBuildFile; fileRef = EE0ADDD5295DE20D007D731A /* CGImagePropertyOrientation.swift */; };
		EE0ADDE4295DE20D007D731A /* UIImage+RawBytes.swift in Sources */ = {isa = PBXBuildFile; fileRef = EE0ADDD6295DE20D007D731A /* UIImage+RawBytes.swift */; };
		EE0ADDE5295DE20D007D731A /* MLMultiArray+Helpers.swift in Sources */ = {isa = PBXBuildFile; fileRef = EE0ADDD7295DE20D007D731A /* MLMultiArray+Helpers.swift */; };
		EE0ADDE6295DE20D007D731A /* CVPixelBuffer+Helpers.swift in Sources */ = {isa = PBXBuildFile; fileRef = EE0ADDD8295DE20D007D731A /* CVPixelBuffer+Helpers.swift */; };
		EE0ADDE7295DE20D007D731A /* CGImage+CVPixelBuffer.swift in Sources */ = {isa = PBXBuildFile; fileRef = EE0ADDD9295DE20D007D731A /* CGImage+CVPixelBuffer.swift */; };
		EE0ADDE8295DE20D007D731A /* NonMaxSuppression.swift in Sources */ = {isa = PBXBuildFile; fileRef = EE0ADDDA295DE20D007D731A /* NonMaxSuppression.swift */; };
		EE0ADDE9295DE20D007D731A /* CGImage+RawBytes.swift in Sources */ = {isa = PBXBuildFile; fileRef = EE0ADDDB295DE20D007D731A /* CGImage+RawBytes.swift */; };
		EE0ADDEA295DE20D007D731A /* MLMultiArray+Image.swift in Sources */ = {isa = PBXBuildFile; fileRef = EE0ADDDC295DE20D007D731A /* MLMultiArray+Image.swift */; };
		EE0ADDEB295DE20D007D731A /* LICENSE.txt in Resources */ = {isa = PBXBuildFile; fileRef = EE0ADDDD295DE20D007D731A /* LICENSE.txt */; };
		EE0ADDED295DE29B007D731A /* Extension+HomeViewController.swift in Sources */ = {isa = PBXBuildFile; fileRef = EE0ADDEC295DE29B007D731A /* Extension+HomeViewController.swift */; };
		EE264307296E8A3300A55138 /* MainViewControlller.swift in Sources */ = {isa = PBXBuildFile; fileRef = EE264306296E8A3300A55138 /* MainViewControlller.swift */; };
		EE26430C296E9CEA00A55138 /* Extensions+MainVC.swift in Sources */ = {isa = PBXBuildFile; fileRef = EE26430B296E9CEA00A55138 /* Extensions+MainVC.swift */; };
		EE264310296ECB4100A55138 /* UIView+Extensions.swift in Sources */ = {isa = PBXBuildFile; fileRef = EE26430F296ECB4100A55138 /* UIView+Extensions.swift */; };
		EE264313296EEFDF00A55138 /* ImageScrollView.swift in Sources */ = {isa = PBXBuildFile; fileRef = EE264312296EEFDF00A55138 /* ImageScrollView.swift */; };
		EE264315296EF05900A55138 /* ImageScrollView2.swift in Sources */ = {isa = PBXBuildFile; fileRef = EE264314296EF05900A55138 /* ImageScrollView2.swift */; };
		EE264318296EF5C600A55138 /* AIEditorViewController.swift in Sources */ = {isa = PBXBuildFile; fileRef = EE264317296EF5C600A55138 /* AIEditorViewController.swift */; };
		EE2D738729543B33004A2CFA /* AppDelegate.swift in Sources */ = {isa = PBXBuildFile; fileRef = EE2D738629543B33004A2CFA /* AppDelegate.swift */; };
		EE2D738929543B33004A2CFA /* SceneDelegate.swift in Sources */ = {isa = PBXBuildFile; fileRef = EE2D738829543B33004A2CFA /* SceneDelegate.swift */; };
		EE2D738B29543B33004A2CFA /* HomeViewController.swift in Sources */ = {isa = PBXBuildFile; fileRef = EE2D738A29543B33004A2CFA /* HomeViewController.swift */; };
		EE2D738E29543B33004A2CFA /* Main.storyboard in Resources */ = {isa = PBXBuildFile; fileRef = EE2D738C29543B33004A2CFA /* Main.storyboard */; };
		EE2D739129543B33004A2CFA /* ImageBackgroundRemover.xcdatamodeld in Sources */ = {isa = PBXBuildFile; fileRef = EE2D738F29543B33004A2CFA /* ImageBackgroundRemover.xcdatamodeld */; };
		EE2D739329543B35004A2CFA /* Assets.xcassets in Resources */ = {isa = PBXBuildFile; fileRef = EE2D739229543B35004A2CFA /* Assets.xcassets */; };
		EE2D739629543B35004A2CFA /* LaunchScreen.storyboard in Resources */ = {isa = PBXBuildFile; fileRef = EE2D739429543B35004A2CFA /* LaunchScreen.storyboard */; };
		EE3D33BE296D7F4C0083891F /* CustomLayoutUIDelegate.swift in Sources */ = {isa = PBXBuildFile; fileRef = EE3D33B0296D7F4B0083891F /* CustomLayoutUIDelegate.swift */; };
		EE3D33BF296D7F4C0083891F /* CustomFlowLayout.swift in Sources */ = {isa = PBXBuildFile; fileRef = EE3D33B1296D7F4B0083891F /* CustomFlowLayout.swift */; };
		EE3D33C0296D7F4C0083891F /* ReloadUIDelegate.swift in Sources */ = {isa = PBXBuildFile; fileRef = EE3D33B3296D7F4B0083891F /* ReloadUIDelegate.swift */; };
		EE3D33C1296D7F4C0083891F /* CustomCameraExtension.swift in Sources */ = {isa = PBXBuildFile; fileRef = EE3D33B5296D7F4B0083891F /* CustomCameraExtension.swift */; };
		EE3D33C2296D7F4C0083891F /* CustomInlineCameraExtension.swift in Sources */ = {isa = PBXBuildFile; fileRef = EE3D33B6296D7F4B0083891F /* CustomInlineCameraExtension.swift */; };
		EE3D33C3296D7F4C0083891F /* CustomInlineLayoutUIDelegate.swift in Sources */ = {isa = PBXBuildFile; fileRef = EE3D33B8296D7F4C0083891F /* CustomInlineLayoutUIDelegate.swift */; };
		EE3D33C4296D7F4C0083891F /* CustomInlineFlowLayout.swift in Sources */ = {isa = PBXBuildFile; fileRef = EE3D33B9296D7F4C0083891F /* CustomInlineFlowLayout.swift */; };
		EE3D33C5296D7F4C0083891F /* CustomGroupDetailImageCell.swift in Sources */ = {isa = PBXBuildFile; fileRef = EE3D33BB296D7F4C0083891F /* CustomGroupDetailImageCell.swift */; };
		EE3D33C6296D7F4C0083891F /* CustomGroupDetailCameraCell.swift in Sources */ = {isa = PBXBuildFile; fileRef = EE3D33BC296D7F4C0083891F /* CustomGroupDetailCameraCell.swift */; };
		EE3D33C7296D7F4C0083891F /* CustomUIDelegate.swift in Sources */ = {isa = PBXBuildFile; fileRef = EE3D33BD296D7F4C0083891F /* CustomUIDelegate.swift */; };
		EEE323D12959CCDD009A318E /* segmentation.mlmodelc in Resources */ = {isa = PBXBuildFile; fileRef = EEE323CE2959CCDD009A318E /* segmentation.mlmodelc */; };
		EEE323D22959CCDD009A318E /* segmentation.swift in Sources */ = {isa = PBXBuildFile; fileRef = EEE323CF2959CCDD009A318E /* segmentation.swift */; };
		EEE323D32959CCDD009A318E /* SemanticImage.swift in Sources */ = {isa = PBXBuildFile; fileRef = EEE323D02959CCDD009A318E /* SemanticImage.swift */; };
/* End PBXBuildFile section */

/* Begin PBXFileReference section */
		3352E780F1E2BD02D52603E6 /* Pods-ImageBackgroundRemover.release.xcconfig */ = {isa = PBXFileReference; includeInIndex = 1; lastKnownFileType = text.xcconfig; name = "Pods-ImageBackgroundRemover.release.xcconfig"; path = "Target Support Files/Pods-ImageBackgroundRemover/Pods-ImageBackgroundRemover.release.xcconfig"; sourceTree = "<group>"; };
		5D23A4A1437C968A3256D702 /* Pods-ImageBackgroundRemover.debug.xcconfig */ = {isa = PBXFileReference; includeInIndex = 1; lastKnownFileType = text.xcconfig; name = "Pods-ImageBackgroundRemover.debug.xcconfig"; path = "Target Support Files/Pods-ImageBackgroundRemover/Pods-ImageBackgroundRemover.debug.xcconfig"; sourceTree = "<group>"; };
		6C925EB74AD129658FB811AA /* Pods_AI_Editor.framework */ = {isa = PBXFileReference; explicitFileType = wrapper.framework; includeInIndex = 0; path = Pods_AI_Editor.framework; sourceTree = BUILT_PRODUCTS_DIR; };
		99DB004F5ED5D0BEE76F899A /* Pods-AI Editor.debug.xcconfig */ = {isa = PBXFileReference; includeInIndex = 1; lastKnownFileType = text.xcconfig; name = "Pods-AI Editor.debug.xcconfig"; path = "Target Support Files/Pods-AI Editor/Pods-AI Editor.debug.xcconfig"; sourceTree = "<group>"; };
		B252FD314583A6A9931D7B06 /* Pods-AI Editor.release.xcconfig */ = {isa = PBXFileReference; includeInIndex = 1; lastKnownFileType = text.xcconfig; name = "Pods-AI Editor.release.xcconfig"; path = "Target Support Files/Pods-AI Editor/Pods-AI Editor.release.xcconfig"; sourceTree = "<group>"; };
		B41A4D76296F20C300E2CC7B /* AIEditor+Extensions.swift */ = {isa = PBXFileReference; lastKnownFileType = sourcecode.swift; path = "AIEditor+Extensions.swift"; sourceTree = "<group>"; };
		B484D645296E01850092CBD6 /* Rectangle 2273.png */ = {isa = PBXFileReference; lastKnownFileType = image.png; path = "Rectangle 2273.png"; sourceTree = "<group>"; };
		B4AA08B5296FBA9F00DD9BBA /* UIViewControllerExtensions.swift */ = {isa = PBXFileReference; lastKnownFileType = sourcecode.swift; path = UIViewControllerExtensions.swift; sourceTree = "<group>"; };
		EE0ADDC4295DC4E4007D731A /* Factory.swift */ = {isa = PBXFileReference; fileEncoding = 4; lastKnownFileType = sourcecode.swift; path = Factory.swift; sourceTree = "<group>"; };
		EE0ADDC6295DC4E4007D731A /* LaLabsu2netp.mlmodelc */ = {isa = PBXFileReference; lastKnownFileType = wrapper; path = LaLabsu2netp.mlmodelc; sourceTree = "<group>"; };
		EE0ADDC7295DC4E4007D731A /* LaLabsu2netp.swift */ = {isa = PBXFileReference; fileEncoding = 4; lastKnownFileType = sourcecode.swift; path = LaLabsu2netp.swift; sourceTree = "<group>"; };
		EE0ADDC8295DC4E4007D731A /* BackgroundRemoval.swift */ = {isa = PBXFileReference; fileEncoding = 4; lastKnownFileType = sourcecode.swift; path = BackgroundRemoval.swift; sourceTree = "<group>"; };
		EE0ADDCD295DE203007D731A /* DeepLabV3.mlmodel */ = {isa = PBXFileReference; lastKnownFileType = file.mlmodel; path = DeepLabV3.mlmodel; sourceTree = "<group>"; };
		EE0ADDD0295DE20D007D731A /* Array+Extensions.swift */ = {isa = PBXFileReference; fileEncoding = 4; lastKnownFileType = sourcecode.swift; path = "Array+Extensions.swift"; sourceTree = "<group>"; };
		EE0ADDD1295DE20D007D731A /* Math.swift */ = {isa = PBXFileReference; fileEncoding = 4; lastKnownFileType = sourcecode.swift; path = Math.swift; sourceTree = "<group>"; };
		EE0ADDD2295DE20D007D731A /* UIImage+CVPixelBuffer.swift */ = {isa = PBXFileReference; fileEncoding = 4; lastKnownFileType = sourcecode.swift; path = "UIImage+CVPixelBuffer.swift"; sourceTree = "<group>"; };
		EE0ADDD3295DE20D007D731A /* Predictions.swift */ = {isa = PBXFileReference; fileEncoding = 4; lastKnownFileType = sourcecode.swift; path = Predictions.swift; sourceTree = "<group>"; };
		EE0ADDD4295DE20D007D731A /* UIImage+Extensions.swift */ = {isa = PBXFileReference; fileEncoding = 4; lastKnownFileType = sourcecode.swift; path = "UIImage+Extensions.swift"; sourceTree = "<group>"; };
		EE0ADDD5295DE20D007D731A /* CGImagePropertyOrientation.swift */ = {isa = PBXFileReference; fileEncoding = 4; lastKnownFileType = sourcecode.swift; path = CGImagePropertyOrientation.swift; sourceTree = "<group>"; };
		EE0ADDD6295DE20D007D731A /* UIImage+RawBytes.swift */ = {isa = PBXFileReference; fileEncoding = 4; lastKnownFileType = sourcecode.swift; path = "UIImage+RawBytes.swift"; sourceTree = "<group>"; };
		EE0ADDD7295DE20D007D731A /* MLMultiArray+Helpers.swift */ = {isa = PBXFileReference; fileEncoding = 4; lastKnownFileType = sourcecode.swift; path = "MLMultiArray+Helpers.swift"; sourceTree = "<group>"; };
		EE0ADDD8295DE20D007D731A /* CVPixelBuffer+Helpers.swift */ = {isa = PBXFileReference; fileEncoding = 4; lastKnownFileType = sourcecode.swift; path = "CVPixelBuffer+Helpers.swift"; sourceTree = "<group>"; };
		EE0ADDD9295DE20D007D731A /* CGImage+CVPixelBuffer.swift */ = {isa = PBXFileReference; fileEncoding = 4; lastKnownFileType = sourcecode.swift; path = "CGImage+CVPixelBuffer.swift"; sourceTree = "<group>"; };
		EE0ADDDA295DE20D007D731A /* NonMaxSuppression.swift */ = {isa = PBXFileReference; fileEncoding = 4; lastKnownFileType = sourcecode.swift; path = NonMaxSuppression.swift; sourceTree = "<group>"; };
		EE0ADDDB295DE20D007D731A /* CGImage+RawBytes.swift */ = {isa = PBXFileReference; fileEncoding = 4; lastKnownFileType = sourcecode.swift; path = "CGImage+RawBytes.swift"; sourceTree = "<group>"; };
		EE0ADDDC295DE20D007D731A /* MLMultiArray+Image.swift */ = {isa = PBXFileReference; fileEncoding = 4; lastKnownFileType = sourcecode.swift; path = "MLMultiArray+Image.swift"; sourceTree = "<group>"; };
		EE0ADDDD295DE20D007D731A /* LICENSE.txt */ = {isa = PBXFileReference; fileEncoding = 4; lastKnownFileType = text; path = LICENSE.txt; sourceTree = "<group>"; };
		EE0ADDEC295DE29B007D731A /* Extension+HomeViewController.swift */ = {isa = PBXFileReference; lastKnownFileType = sourcecode.swift; path = "Extension+HomeViewController.swift"; sourceTree = "<group>"; };
		EE264306296E8A3300A55138 /* MainViewControlller.swift */ = {isa = PBXFileReference; lastKnownFileType = sourcecode.swift; path = MainViewControlller.swift; sourceTree = "<group>"; };
		EE26430B296E9CEA00A55138 /* Extensions+MainVC.swift */ = {isa = PBXFileReference; lastKnownFileType = sourcecode.swift; path = "Extensions+MainVC.swift"; sourceTree = "<group>"; };
		EE26430F296ECB4100A55138 /* UIView+Extensions.swift */ = {isa = PBXFileReference; lastKnownFileType = sourcecode.swift; path = "UIView+Extensions.swift"; sourceTree = "<group>"; };
		EE264312296EEFDF00A55138 /* ImageScrollView.swift */ = {isa = PBXFileReference; fileEncoding = 4; lastKnownFileType = sourcecode.swift; path = ImageScrollView.swift; sourceTree = "<group>"; };
		EE264314296EF05900A55138 /* ImageScrollView2.swift */ = {isa = PBXFileReference; fileEncoding = 4; lastKnownFileType = sourcecode.swift; path = ImageScrollView2.swift; sourceTree = "<group>"; };
		EE264317296EF5C600A55138 /* AIEditorViewController.swift */ = {isa = PBXFileReference; lastKnownFileType = sourcecode.swift; path = AIEditorViewController.swift; sourceTree = "<group>"; };
		EE2D738329543B33004A2CFA /* AI Editor.app */ = {isa = PBXFileReference; explicitFileType = wrapper.application; includeInIndex = 0; path = "AI Editor.app"; sourceTree = BUILT_PRODUCTS_DIR; };
		EE2D738629543B33004A2CFA /* AppDelegate.swift */ = {isa = PBXFileReference; lastKnownFileType = sourcecode.swift; path = AppDelegate.swift; sourceTree = "<group>"; };
		EE2D738829543B33004A2CFA /* SceneDelegate.swift */ = {isa = PBXFileReference; lastKnownFileType = sourcecode.swift; path = SceneDelegate.swift; sourceTree = "<group>"; };
		EE2D738A29543B33004A2CFA /* HomeViewController.swift */ = {isa = PBXFileReference; lastKnownFileType = sourcecode.swift; path = HomeViewController.swift; sourceTree = "<group>"; };
		EE2D738D29543B33004A2CFA /* Base */ = {isa = PBXFileReference; lastKnownFileType = file.storyboard; name = Base; path = Base.lproj/Main.storyboard; sourceTree = "<group>"; };
		EE2D739029543B33004A2CFA /* ImageBackgroundRemover.xcdatamodel */ = {isa = PBXFileReference; lastKnownFileType = wrapper.xcdatamodel; path = ImageBackgroundRemover.xcdatamodel; sourceTree = "<group>"; };
		EE2D739229543B35004A2CFA /* Assets.xcassets */ = {isa = PBXFileReference; lastKnownFileType = folder.assetcatalog; path = Assets.xcassets; sourceTree = "<group>"; };
		EE2D739529543B35004A2CFA /* Base */ = {isa = PBXFileReference; lastKnownFileType = file.storyboard; name = Base; path = Base.lproj/LaunchScreen.storyboard; sourceTree = "<group>"; };
		EE2D739729543B35004A2CFA /* Info.plist */ = {isa = PBXFileReference; lastKnownFileType = text.plist.xml; path = Info.plist; sourceTree = "<group>"; };
		EE3D33B0296D7F4B0083891F /* CustomLayoutUIDelegate.swift */ = {isa = PBXFileReference; fileEncoding = 4; lastKnownFileType = sourcecode.swift; path = CustomLayoutUIDelegate.swift; sourceTree = "<group>"; };
		EE3D33B1296D7F4B0083891F /* CustomFlowLayout.swift */ = {isa = PBXFileReference; fileEncoding = 4; lastKnownFileType = sourcecode.swift; path = CustomFlowLayout.swift; sourceTree = "<group>"; };
		EE3D33B3296D7F4B0083891F /* ReloadUIDelegate.swift */ = {isa = PBXFileReference; fileEncoding = 4; lastKnownFileType = sourcecode.swift; path = ReloadUIDelegate.swift; sourceTree = "<group>"; };
		EE3D33B5296D7F4B0083891F /* CustomCameraExtension.swift */ = {isa = PBXFileReference; fileEncoding = 4; lastKnownFileType = sourcecode.swift; path = CustomCameraExtension.swift; sourceTree = "<group>"; };
		EE3D33B6296D7F4B0083891F /* CustomInlineCameraExtension.swift */ = {isa = PBXFileReference; fileEncoding = 4; lastKnownFileType = sourcecode.swift; path = CustomInlineCameraExtension.swift; sourceTree = "<group>"; };
		EE3D33B8296D7F4C0083891F /* CustomInlineLayoutUIDelegate.swift */ = {isa = PBXFileReference; fileEncoding = 4; lastKnownFileType = sourcecode.swift; path = CustomInlineLayoutUIDelegate.swift; sourceTree = "<group>"; };
		EE3D33B9296D7F4C0083891F /* CustomInlineFlowLayout.swift */ = {isa = PBXFileReference; fileEncoding = 4; lastKnownFileType = sourcecode.swift; path = CustomInlineFlowLayout.swift; sourceTree = "<group>"; };
		EE3D33BB296D7F4C0083891F /* CustomGroupDetailImageCell.swift */ = {isa = PBXFileReference; fileEncoding = 4; lastKnownFileType = sourcecode.swift; path = CustomGroupDetailImageCell.swift; sourceTree = "<group>"; };
		EE3D33BC296D7F4C0083891F /* CustomGroupDetailCameraCell.swift */ = {isa = PBXFileReference; fileEncoding = 4; lastKnownFileType = sourcecode.swift; path = CustomGroupDetailCameraCell.swift; sourceTree = "<group>"; };
		EE3D33BD296D7F4C0083891F /* CustomUIDelegate.swift */ = {isa = PBXFileReference; fileEncoding = 4; lastKnownFileType = sourcecode.swift; path = CustomUIDelegate.swift; sourceTree = "<group>"; };
		EEE323CE2959CCDD009A318E /* segmentation.mlmodelc */ = {isa = PBXFileReference; lastKnownFileType = wrapper; path = segmentation.mlmodelc; sourceTree = "<group>"; };
		EEE323CF2959CCDD009A318E /* segmentation.swift */ = {isa = PBXFileReference; fileEncoding = 4; lastKnownFileType = sourcecode.swift; path = segmentation.swift; sourceTree = "<group>"; };
		EEE323D02959CCDD009A318E /* SemanticImage.swift */ = {isa = PBXFileReference; fileEncoding = 4; lastKnownFileType = sourcecode.swift; path = SemanticImage.swift; sourceTree = "<group>"; };
/* End PBXFileReference section */

/* Begin PBXFrameworksBuildPhase section */
		EE2D738029543B33004A2CFA /* Frameworks */ = {
			isa = PBXFrameworksBuildPhase;
			buildActionMask = 2147483647;
			files = (
				AC5D41DB51AB55088ED99D68 /* Pods_AI_Editor.framework in Frameworks */,
			);
			runOnlyForDeploymentPostprocessing = 0;
		};
/* End PBXFrameworksBuildPhase section */

/* Begin PBXGroup section */
		63FD80F312072126BBE40F9A /* Pods */ = {
			isa = PBXGroup;
			children = (
				5D23A4A1437C968A3256D702 /* Pods-ImageBackgroundRemover.debug.xcconfig */,
				3352E780F1E2BD02D52603E6 /* Pods-ImageBackgroundRemover.release.xcconfig */,
				99DB004F5ED5D0BEE76F899A /* Pods-AI Editor.debug.xcconfig */,
				B252FD314583A6A9931D7B06 /* Pods-AI Editor.release.xcconfig */,
			);
			path = Pods;
			sourceTree = "<group>";
		};
		95F41D95209768A9C3AEDD97 /* Frameworks */ = {
			isa = PBXGroup;
			children = (
				6C925EB74AD129658FB811AA /* Pods_AI_Editor.framework */,
			);
			name = Frameworks;
			sourceTree = "<group>";
		};
		B4AA08B4296FB9C800DD9BBA /* UIViewControllerEXtensions */ = {
			isa = PBXGroup;
			children = (
				B4AA08B5296FBA9F00DD9BBA /* UIViewControllerExtensions.swift */,
			);
			path = UIViewControllerEXtensions;
			sourceTree = "<group>";
		};
		EE0ADDC2295DC4E4007D731A /* BackgroundRemoval */ = {
			isa = PBXGroup;
			children = (
				EE0ADDC4295DC4E4007D731A /* Factory.swift */,
				EE0ADDC6295DC4E4007D731A /* LaLabsu2netp.mlmodelc */,
				EE0ADDC7295DC4E4007D731A /* LaLabsu2netp.swift */,
				EE0ADDC8295DC4E4007D731A /* BackgroundRemoval.swift */,
			);
			path = BackgroundRemoval;
			sourceTree = "<group>";
		};
		EE0ADDCF295DE20D007D731A /* CoreMLHelpers */ = {
			isa = PBXGroup;
			children = (
				EE0ADDD0295DE20D007D731A /* Array+Extensions.swift */,
				EE0ADDD1295DE20D007D731A /* Math.swift */,
				EE0ADDD2295DE20D007D731A /* UIImage+CVPixelBuffer.swift */,
				EE0ADDD3295DE20D007D731A /* Predictions.swift */,
				EE0ADDD4295DE20D007D731A /* UIImage+Extensions.swift */,
				EE0ADDD5295DE20D007D731A /* CGImagePropertyOrientation.swift */,
				EE0ADDD6295DE20D007D731A /* UIImage+RawBytes.swift */,
				EE0ADDD7295DE20D007D731A /* MLMultiArray+Helpers.swift */,
				EE0ADDD8295DE20D007D731A /* CVPixelBuffer+Helpers.swift */,
				EE0ADDD9295DE20D007D731A /* CGImage+CVPixelBuffer.swift */,
				EE0ADDDA295DE20D007D731A /* NonMaxSuppression.swift */,
				EE0ADDDB295DE20D007D731A /* CGImage+RawBytes.swift */,
				EE0ADDDC295DE20D007D731A /* MLMultiArray+Image.swift */,
				EE0ADDDD295DE20D007D731A /* LICENSE.txt */,
			);
			path = CoreMLHelpers;
			sourceTree = "<group>";
		};
		EE264308296E8A5000A55138 /* ViewController */ = {
			isa = PBXGroup;
			children = (
				EE264316296EF59D00A55138 /* AIEditorViewController */,
				EE264309296E8A5D00A55138 /* MainViewController */,
				EE26430D296ECB0D00A55138 /* SupportFiles */,
			);
			path = ViewController;
			sourceTree = "<group>";
		};
		EE264309296E8A5D00A55138 /* MainViewController */ = {
			isa = PBXGroup;
			children = (
				EE264306296E8A3300A55138 /* MainViewControlller.swift */,
				EE26430B296E9CEA00A55138 /* Extensions+MainVC.swift */,
			);
			path = MainViewController;
			sourceTree = "<group>";
		};
		EE26430A296E8A8100A55138 /* SegmenticImage */ = {
			isa = PBXGroup;
			children = (
				EEE323D02959CCDD009A318E /* SemanticImage.swift */,
				EEE323CF2959CCDD009A318E /* segmentation.swift */,
				EEE323CE2959CCDD009A318E /* segmentation.mlmodelc */,
			);
			path = SegmenticImage;
			sourceTree = "<group>";
		};
		EE26430D296ECB0D00A55138 /* SupportFiles */ = {
			isa = PBXGroup;
			children = (
				B4AA08B4296FB9C800DD9BBA /* UIViewControllerEXtensions */,
				EE264311296EEFC700A55138 /* ImageScrollView */,
				EE26430E296ECB1C00A55138 /* UIViewExtensions */,
			);
			path = SupportFiles;
			sourceTree = "<group>";
		};
		EE26430E296ECB1C00A55138 /* UIViewExtensions */ = {
			isa = PBXGroup;
			children = (
				EE26430F296ECB4100A55138 /* UIView+Extensions.swift */,
			);
			path = UIViewExtensions;
			sourceTree = "<group>";
		};
		EE264311296EEFC700A55138 /* ImageScrollView */ = {
			isa = PBXGroup;
			children = (
				EE264314296EF05900A55138 /* ImageScrollView2.swift */,
				EE264312296EEFDF00A55138 /* ImageScrollView.swift */,
			);
			path = ImageScrollView;
			sourceTree = "<group>";
		};
		EE264316296EF59D00A55138 /* AIEditorViewController */ = {
			isa = PBXGroup;
			children = (
				EE264317296EF5C600A55138 /* AIEditorViewController.swift */,
				B41A4D76296F20C300E2CC7B /* AIEditor+Extensions.swift */,
			);
			path = AIEditorViewController;
			sourceTree = "<group>";
		};
		EE2D737A29543B33004A2CFA = {
			isa = PBXGroup;
			children = (
				EE2D738529543B33004A2CFA /* ImageBackgroundRemover */,
				EE2D738429543B33004A2CFA /* Products */,
				63FD80F312072126BBE40F9A /* Pods */,
				95F41D95209768A9C3AEDD97 /* Frameworks */,
			);
			sourceTree = "<group>";
		};
		EE2D738429543B33004A2CFA /* Products */ = {
			isa = PBXGroup;
			children = (
				EE2D738329543B33004A2CFA /* AI Editor.app */,
			);
			name = Products;
			sourceTree = "<group>";
		};
		EE2D738529543B33004A2CFA /* ImageBackgroundRemover */ = {
			isa = PBXGroup;
			children = (
				EE2D739D29543BA1004A2CFA /* AppStart */,
				EE2D73A029543BEB004A2CFA /* AssetsSuports */,
				EE0ADDC2295DC4E4007D731A /* BackgroundRemoval */,
				EE0ADDCF295DE20D007D731A /* CoreMLHelpers */,
				EE3D33AE296D7F1D0083891F /* CustomImagePicker */,
				EE0ADDCD295DE203007D731A /* DeepLabV3.mlmodel */,
				EE2D739E29543BC7004A2CFA /* HomePage */,
				EE2D738F29543B33004A2CFA /* ImageBackgroundRemover.xcdatamodeld */,
				EE2D739729543B35004A2CFA /* Info.plist */,
				EE26430A296E8A8100A55138 /* SegmenticImage */,
				EE2D739F29543BD5004A2CFA /* StoryBoard */,
				EE264308296E8A5000A55138 /* ViewController */,
			);
			path = ImageBackgroundRemover;
			sourceTree = "<group>";
		};
		EE2D739D29543BA1004A2CFA /* AppStart */ = {
			isa = PBXGroup;
			children = (
				EE2D738829543B33004A2CFA /* SceneDelegate.swift */,
				EE2D738629543B33004A2CFA /* AppDelegate.swift */,
			);
			path = AppStart;
			sourceTree = "<group>";
		};
		EE2D739E29543BC7004A2CFA /* HomePage */ = {
			isa = PBXGroup;
			children = (
				EE2D738A29543B33004A2CFA /* HomeViewController.swift */,
				EE0ADDEC295DE29B007D731A /* Extension+HomeViewController.swift */,
			);
			path = HomePage;
			sourceTree = "<group>";
		};
		EE2D739F29543BD5004A2CFA /* StoryBoard */ = {
			isa = PBXGroup;
			children = (
				EE2D739429543B35004A2CFA /* LaunchScreen.storyboard */,
				EE2D738C29543B33004A2CFA /* Main.storyboard */,
			);
			path = StoryBoard;
			sourceTree = "<group>";
		};
		EE2D73A029543BEB004A2CFA /* AssetsSuports */ = {
			isa = PBXGroup;
			children = (
				B484D645296E01850092CBD6 /* Rectangle 2273.png */,
				EE2D739229543B35004A2CFA /* Assets.xcassets */,
			);
			path = AssetsSuports;
			sourceTree = "<group>";
		};
		EE3D33AE296D7F1D0083891F /* CustomImagePicker */ = {
			isa = PBXGroup;
			children = (
				EE3D33B4296D7F4B0083891F /* CustomCamera */,
				EE3D33B7296D7F4C0083891F /* CustomInlineLayoutUIDelegate */,
				EE3D33AF296D7F4B0083891F /* CustomLayoutUIDelegate */,
				EE3D33BA296D7F4C0083891F /* CustomUIDelegate */,
				EE3D33B2296D7F4B0083891F /* ReloadUIDelegate */,
			);
			path = CustomImagePicker;
			sourceTree = "<group>";
		};
		EE3D33AF296D7F4B0083891F /* CustomLayoutUIDelegate */ = {
			isa = PBXGroup;
			children = (
				EE3D33B0296D7F4B0083891F /* CustomLayoutUIDelegate.swift */,
				EE3D33B1296D7F4B0083891F /* CustomFlowLayout.swift */,
			);
			path = CustomLayoutUIDelegate;
			sourceTree = "<group>";
		};
		EE3D33B2296D7F4B0083891F /* ReloadUIDelegate */ = {
			isa = PBXGroup;
			children = (
				EE3D33B3296D7F4B0083891F /* ReloadUIDelegate.swift */,
			);
			path = ReloadUIDelegate;
			sourceTree = "<group>";
		};
		EE3D33B4296D7F4B0083891F /* CustomCamera */ = {
			isa = PBXGroup;
			children = (
				EE3D33B5296D7F4B0083891F /* CustomCameraExtension.swift */,
				EE3D33B6296D7F4B0083891F /* CustomInlineCameraExtension.swift */,
			);
			path = CustomCamera;
			sourceTree = "<group>";
		};
		EE3D33B7296D7F4C0083891F /* CustomInlineLayoutUIDelegate */ = {
			isa = PBXGroup;
			children = (
				EE3D33B8296D7F4C0083891F /* CustomInlineLayoutUIDelegate.swift */,
				EE3D33B9296D7F4C0083891F /* CustomInlineFlowLayout.swift */,
			);
			path = CustomInlineLayoutUIDelegate;
			sourceTree = "<group>";
		};
		EE3D33BA296D7F4C0083891F /* CustomUIDelegate */ = {
			isa = PBXGroup;
			children = (
				EE3D33BB296D7F4C0083891F /* CustomGroupDetailImageCell.swift */,
				EE3D33BC296D7F4C0083891F /* CustomGroupDetailCameraCell.swift */,
				EE3D33BD296D7F4C0083891F /* CustomUIDelegate.swift */,
			);
			path = CustomUIDelegate;
			sourceTree = "<group>";
		};
/* End PBXGroup section */

/* Begin PBXNativeTarget section */
		EE2D738229543B33004A2CFA /* AI Editor */ = {
			isa = PBXNativeTarget;
			buildConfigurationList = EE2D739A29543B35004A2CFA /* Build configuration list for PBXNativeTarget "AI Editor" */;
			buildPhases = (
				BB42022B22ABCDE0FBA39DD6 /* [CP] Check Pods Manifest.lock */,
				EE2D737F29543B33004A2CFA /* Sources */,
				EE2D738029543B33004A2CFA /* Frameworks */,
				EE2D738129543B33004A2CFA /* Resources */,
				B0407BE9EC811F56CF9F4E6F /* [CP] Embed Pods Frameworks */,
			);
			buildRules = (
			);
			dependencies = (
			);
			name = "AI Editor";
			productName = ImageBackgroundRemover;
			productReference = EE2D738329543B33004A2CFA /* AI Editor.app */;
			productType = "com.apple.product-type.application";
		};
/* End PBXNativeTarget section */

/* Begin PBXProject section */
		EE2D737B29543B33004A2CFA /* Project object */ = {
			isa = PBXProject;
			attributes = {
				BuildIndependentTargetsInParallel = 1;
				LastSwiftUpdateCheck = 1400;
				LastUpgradeCheck = 1420;
				TargetAttributes = {
					EE2D738229543B33004A2CFA = {
						CreatedOnToolsVersion = 14.0;
					};
				};
			};
			buildConfigurationList = EE2D737E29543B33004A2CFA /* Build configuration list for PBXProject "AI Editor" */;
			compatibilityVersion = "Xcode 14.0";
			developmentRegion = en;
			hasScannedForEncodings = 0;
			knownRegions = (
				en,
				Base,
				de,
				ur,
				ar,
				"zh-Hans",
				ja,
				"nb-NO",
				es,
				pt_BR,
				da,
				it,
				ko,
				"zh-Hant",
				hu,
				tr,
				vi,
				ru,
				fr,
				nl,
				fa,
				sk,
				ms,
				cs,
				"fa-IR",
				"da-DK",
				pl,
				"pt-BR",
				fi,
				id,
				pt,
				ro,
				ca,
			);
			mainGroup = EE2D737A29543B33004A2CFA;
			packageReferences = (
				EE392B1A2959BBEA007DC35C /* XCRemoteSwiftPackageReference "SemanticImage" */,
			);
			productRefGroup = EE2D738429543B33004A2CFA /* Products */;
			projectDirPath = "";
			projectRoot = "";
			targets = (
				EE2D738229543B33004A2CFA /* AI Editor */,
			);
		};
/* End PBXProject section */

/* Begin PBXResourcesBuildPhase section */
		EE2D738129543B33004A2CFA /* Resources */ = {
			isa = PBXResourcesBuildPhase;
			buildActionMask = 2147483647;
			files = (
				EE0ADDEB295DE20D007D731A /* LICENSE.txt in Resources */,
				EE0ADDCA295DC4E4007D731A /* LaLabsu2netp.mlmodelc in Resources */,
				EE2D739629543B35004A2CFA /* LaunchScreen.storyboard in Resources */,
				EE2D739329543B35004A2CFA /* Assets.xcassets in Resources */,
				EEE323D12959CCDD009A318E /* segmentation.mlmodelc in Resources */,
				B484D646296E01850092CBD6 /* Rectangle 2273.png in Resources */,
				EE2D738E29543B33004A2CFA /* Main.storyboard in Resources */,
			);
			runOnlyForDeploymentPostprocessing = 0;
		};
/* End PBXResourcesBuildPhase section */

/* Begin PBXShellScriptBuildPhase section */
		B0407BE9EC811F56CF9F4E6F /* [CP] Embed Pods Frameworks */ = {
			isa = PBXShellScriptBuildPhase;
			buildActionMask = 2147483647;
			files = (
			);
			inputFileListPaths = (
				"${PODS_ROOT}/Target Support Files/Pods-AI Editor/Pods-AI Editor-frameworks-${CONFIGURATION}-input-files.xcfilelist",
			);
			name = "[CP] Embed Pods Frameworks";
			outputFileListPaths = (
				"${PODS_ROOT}/Target Support Files/Pods-AI Editor/Pods-AI Editor-frameworks-${CONFIGURATION}-output-files.xcfilelist",
			);
			runOnlyForDeploymentPostprocessing = 0;
			shellPath = /bin/sh;
			shellScript = "\"${PODS_ROOT}/Target Support Files/Pods-AI Editor/Pods-AI Editor-frameworks.sh\"\n";
			showEnvVarsInLog = 0;
		};
		BB42022B22ABCDE0FBA39DD6 /* [CP] Check Pods Manifest.lock */ = {
			isa = PBXShellScriptBuildPhase;
			buildActionMask = 2147483647;
			files = (
			);
			inputFileListPaths = (
			);
			inputPaths = (
				"${PODS_PODFILE_DIR_PATH}/Podfile.lock",
				"${PODS_ROOT}/Manifest.lock",
			);
			name = "[CP] Check Pods Manifest.lock";
			outputFileListPaths = (
			);
			outputPaths = (
				"$(DERIVED_FILE_DIR)/Pods-AI Editor-checkManifestLockResult.txt",
			);
			runOnlyForDeploymentPostprocessing = 0;
			shellPath = /bin/sh;
			shellScript = "diff \"${PODS_PODFILE_DIR_PATH}/Podfile.lock\" \"${PODS_ROOT}/Manifest.lock\" > /dev/null\nif [ $? != 0 ] ; then\n    # print error to STDERR\n    echo \"error: The sandbox is not in sync with the Podfile.lock. Run 'pod install' or update your CocoaPods installation.\" >&2\n    exit 1\nfi\n# This output is used by Xcode 'outputs' to avoid re-running this script phase.\necho \"SUCCESS\" > \"${SCRIPT_OUTPUT_FILE_0}\"\n";
			showEnvVarsInLog = 0;
		};
/* End PBXShellScriptBuildPhase section */

/* Begin PBXSourcesBuildPhase section */
		EE2D737F29543B33004A2CFA /* Sources */ = {
			isa = PBXSourcesBuildPhase;
			buildActionMask = 2147483647;
			files = (
				EEE323D22959CCDD009A318E /* segmentation.swift in Sources */,
				EE3D33C6296D7F4C0083891F /* CustomGroupDetailCameraCell.swift in Sources */,
				EE0ADDE8295DE20D007D731A /* NonMaxSuppression.swift in Sources */,
				EE264313296EEFDF00A55138 /* ImageScrollView.swift in Sources */,
				EE0ADDE0295DE20D007D731A /* UIImage+CVPixelBuffer.swift in Sources */,
				EE0ADDE3295DE20D007D731A /* CGImagePropertyOrientation.swift in Sources */,
				EE3D33BE296D7F4C0083891F /* CustomLayoutUIDelegate.swift in Sources */,
				EE264318296EF5C600A55138 /* AIEditorViewController.swift in Sources */,
				EE0ADDE1295DE20D007D731A /* Predictions.swift in Sources */,
				B41A4D77296F20C300E2CC7B /* AIEditor+Extensions.swift in Sources */,
				EE264310296ECB4100A55138 /* UIView+Extensions.swift in Sources */,
				EE2D738B29543B33004A2CFA /* HomeViewController.swift in Sources */,
				EE0ADDCC295DC4E4007D731A /* BackgroundRemoval.swift in Sources */,
				EE0ADDDE295DE20D007D731A /* Array+Extensions.swift in Sources */,
				EE0ADDCE295DE203007D731A /* DeepLabV3.mlmodel in Sources */,
				EE0ADDED295DE29B007D731A /* Extension+HomeViewController.swift in Sources */,
				EE0ADDCB295DC4E4007D731A /* LaLabsu2netp.swift in Sources */,
				EE2D738729543B33004A2CFA /* AppDelegate.swift in Sources */,
				EE2D739129543B33004A2CFA /* ImageBackgroundRemover.xcdatamodeld in Sources */,
				EE0ADDE9295DE20D007D731A /* CGImage+RawBytes.swift in Sources */,
				EE3D33C1296D7F4C0083891F /* CustomCameraExtension.swift in Sources */,
				EE3D33C2296D7F4C0083891F /* CustomInlineCameraExtension.swift in Sources */,
				EE2D738929543B33004A2CFA /* SceneDelegate.swift in Sources */,
				EE3D33C7296D7F4C0083891F /* CustomUIDelegate.swift in Sources */,
				EE3D33C5296D7F4C0083891F /* CustomGroupDetailImageCell.swift in Sources */,
				EE0ADDEA295DE20D007D731A /* MLMultiArray+Image.swift in Sources */,
				EE0ADDE4295DE20D007D731A /* UIImage+RawBytes.swift in Sources */,
				EE26430C296E9CEA00A55138 /* Extensions+MainVC.swift in Sources */,
				EE264307296E8A3300A55138 /* MainViewControlller.swift in Sources */,
				EE3D33C3296D7F4C0083891F /* CustomInlineLayoutUIDelegate.swift in Sources */,
				EEE323D32959CCDD009A318E /* SemanticImage.swift in Sources */,
				EE0ADDE2295DE20D007D731A /* UIImage+Extensions.swift in Sources */,
				EE0ADDE7295DE20D007D731A /* CGImage+CVPixelBuffer.swift in Sources */,
				EE3D33C4296D7F4C0083891F /* CustomInlineFlowLayout.swift in Sources */,
				B4AA08B6296FBA9F00DD9BBA /* UIViewControllerExtensions.swift in Sources */,
				EE0ADDC9295DC4E4007D731A /* Factory.swift in Sources */,
				EE0ADDE5295DE20D007D731A /* MLMultiArray+Helpers.swift in Sources */,
				EE3D33C0296D7F4C0083891F /* ReloadUIDelegate.swift in Sources */,
				EE0ADDE6295DE20D007D731A /* CVPixelBuffer+Helpers.swift in Sources */,
				EE264315296EF05900A55138 /* ImageScrollView2.swift in Sources */,
				EE3D33BF296D7F4C0083891F /* CustomFlowLayout.swift in Sources */,
				EE0ADDDF295DE20D007D731A /* Math.swift in Sources */,
			);
			runOnlyForDeploymentPostprocessing = 0;
		};
/* End PBXSourcesBuildPhase section */

/* Begin PBXVariantGroup section */
		EE2D738C29543B33004A2CFA /* Main.storyboard */ = {
			isa = PBXVariantGroup;
			children = (
				EE2D738D29543B33004A2CFA /* Base */,
			);
			name = Main.storyboard;
			sourceTree = "<group>";
		};
		EE2D739429543B35004A2CFA /* LaunchScreen.storyboard */ = {
			isa = PBXVariantGroup;
			children = (
				EE2D739529543B35004A2CFA /* Base */,
			);
			name = LaunchScreen.storyboard;
			sourceTree = "<group>";
		};
/* End PBXVariantGroup section */

/* Begin XCBuildConfiguration section */
		EE2D739829543B35004A2CFA /* Debug */ = {
			isa = XCBuildConfiguration;
			buildSettings = {
				ALWAYS_SEARCH_USER_PATHS = NO;
				CLANG_ANALYZER_LOCALIZABILITY_NONLOCALIZED = YES;
				CLANG_ANALYZER_NONNULL = YES;
				CLANG_ANALYZER_NUMBER_OBJECT_CONVERSION = YES_AGGRESSIVE;
				CLANG_CXX_LANGUAGE_STANDARD = "gnu++20";
				CLANG_ENABLE_MODULES = YES;
				CLANG_ENABLE_OBJC_ARC = YES;
				CLANG_ENABLE_OBJC_WEAK = YES;
				CLANG_WARN_BLOCK_CAPTURE_AUTORELEASING = YES;
				CLANG_WARN_BOOL_CONVERSION = YES;
				CLANG_WARN_COMMA = YES;
				CLANG_WARN_CONSTANT_CONVERSION = YES;
				CLANG_WARN_DEPRECATED_OBJC_IMPLEMENTATIONS = YES;
				CLANG_WARN_DIRECT_OBJC_ISA_USAGE = YES_ERROR;
				CLANG_WARN_DOCUMENTATION_COMMENTS = YES;
				CLANG_WARN_EMPTY_BODY = YES;
				CLANG_WARN_ENUM_CONVERSION = YES;
				CLANG_WARN_INFINITE_RECURSION = YES;
				CLANG_WARN_INT_CONVERSION = YES;
				CLANG_WARN_NON_LITERAL_NULL_CONVERSION = YES;
				CLANG_WARN_OBJC_IMPLICIT_RETAIN_SELF = YES;
				CLANG_WARN_OBJC_LITERAL_CONVERSION = YES;
				CLANG_WARN_OBJC_ROOT_CLASS = YES_ERROR;
				CLANG_WARN_QUOTED_INCLUDE_IN_FRAMEWORK_HEADER = YES;
				CLANG_WARN_RANGE_LOOP_ANALYSIS = YES;
				CLANG_WARN_STRICT_PROTOTYPES = YES;
				CLANG_WARN_SUSPICIOUS_MOVE = YES;
				CLANG_WARN_UNGUARDED_AVAILABILITY = YES_AGGRESSIVE;
				CLANG_WARN_UNREACHABLE_CODE = YES;
				CLANG_WARN__DUPLICATE_METHOD_MATCH = YES;
				COPY_PHASE_STRIP = NO;
				DEBUG_INFORMATION_FORMAT = dwarf;
				ENABLE_STRICT_OBJC_MSGSEND = YES;
				ENABLE_TESTABILITY = YES;
				GCC_C_LANGUAGE_STANDARD = gnu11;
				GCC_DYNAMIC_NO_PIC = NO;
				GCC_NO_COMMON_BLOCKS = YES;
				GCC_OPTIMIZATION_LEVEL = 0;
				GCC_PREPROCESSOR_DEFINITIONS = (
					"DEBUG=1",
					"$(inherited)",
				);
				GCC_WARN_64_TO_32_BIT_CONVERSION = YES;
				GCC_WARN_ABOUT_RETURN_TYPE = YES_ERROR;
				GCC_WARN_UNDECLARED_SELECTOR = YES;
				GCC_WARN_UNINITIALIZED_AUTOS = YES_AGGRESSIVE;
				GCC_WARN_UNUSED_FUNCTION = YES;
				GCC_WARN_UNUSED_VARIABLE = YES;
				IPHONEOS_DEPLOYMENT_TARGET = 15.0;
				MTL_ENABLE_DEBUG_INFO = INCLUDE_SOURCE;
				MTL_FAST_MATH = YES;
				ONLY_ACTIVE_ARCH = YES;
				SDKROOT = iphoneos;
				SWIFT_ACTIVE_COMPILATION_CONDITIONS = DEBUG;
				SWIFT_OPTIMIZATION_LEVEL = "-Onone";
			};
			name = Debug;
		};
		EE2D739929543B35004A2CFA /* Release */ = {
			isa = XCBuildConfiguration;
			buildSettings = {
				ALWAYS_SEARCH_USER_PATHS = NO;
				CLANG_ANALYZER_LOCALIZABILITY_NONLOCALIZED = YES;
				CLANG_ANALYZER_NONNULL = YES;
				CLANG_ANALYZER_NUMBER_OBJECT_CONVERSION = YES_AGGRESSIVE;
				CLANG_CXX_LANGUAGE_STANDARD = "gnu++20";
				CLANG_ENABLE_MODULES = YES;
				CLANG_ENABLE_OBJC_ARC = YES;
				CLANG_ENABLE_OBJC_WEAK = YES;
				CLANG_WARN_BLOCK_CAPTURE_AUTORELEASING = YES;
				CLANG_WARN_BOOL_CONVERSION = YES;
				CLANG_WARN_COMMA = YES;
				CLANG_WARN_CONSTANT_CONVERSION = YES;
				CLANG_WARN_DEPRECATED_OBJC_IMPLEMENTATIONS = YES;
				CLANG_WARN_DIRECT_OBJC_ISA_USAGE = YES_ERROR;
				CLANG_WARN_DOCUMENTATION_COMMENTS = YES;
				CLANG_WARN_EMPTY_BODY = YES;
				CLANG_WARN_ENUM_CONVERSION = YES;
				CLANG_WARN_INFINITE_RECURSION = YES;
				CLANG_WARN_INT_CONVERSION = YES;
				CLANG_WARN_NON_LITERAL_NULL_CONVERSION = YES;
				CLANG_WARN_OBJC_IMPLICIT_RETAIN_SELF = YES;
				CLANG_WARN_OBJC_LITERAL_CONVERSION = YES;
				CLANG_WARN_OBJC_ROOT_CLASS = YES_ERROR;
				CLANG_WARN_QUOTED_INCLUDE_IN_FRAMEWORK_HEADER = YES;
				CLANG_WARN_RANGE_LOOP_ANALYSIS = YES;
				CLANG_WARN_STRICT_PROTOTYPES = YES;
				CLANG_WARN_SUSPICIOUS_MOVE = YES;
				CLANG_WARN_UNGUARDED_AVAILABILITY = YES_AGGRESSIVE;
				CLANG_WARN_UNREACHABLE_CODE = YES;
				CLANG_WARN__DUPLICATE_METHOD_MATCH = YES;
				COPY_PHASE_STRIP = NO;
				DEBUG_INFORMATION_FORMAT = "dwarf-with-dsym";
				ENABLE_NS_ASSERTIONS = NO;
				ENABLE_STRICT_OBJC_MSGSEND = YES;
				GCC_C_LANGUAGE_STANDARD = gnu11;
				GCC_NO_COMMON_BLOCKS = YES;
				GCC_WARN_64_TO_32_BIT_CONVERSION = YES;
				GCC_WARN_ABOUT_RETURN_TYPE = YES_ERROR;
				GCC_WARN_UNDECLARED_SELECTOR = YES;
				GCC_WARN_UNINITIALIZED_AUTOS = YES_AGGRESSIVE;
				GCC_WARN_UNUSED_FUNCTION = YES;
				GCC_WARN_UNUSED_VARIABLE = YES;
				IPHONEOS_DEPLOYMENT_TARGET = 15.0;
				MTL_ENABLE_DEBUG_INFO = NO;
				MTL_FAST_MATH = YES;
				SDKROOT = iphoneos;
				SWIFT_COMPILATION_MODE = wholemodule;
				SWIFT_OPTIMIZATION_LEVEL = "-O";
				VALIDATE_PRODUCT = YES;
			};
			name = Release;
		};
		EE2D739B29543B35004A2CFA /* Debug */ = {
			isa = XCBuildConfiguration;
			baseConfigurationReference = 99DB004F5ED5D0BEE76F899A /* Pods-AI Editor.debug.xcconfig */;
			buildSettings = {
				ASSETCATALOG_COMPILER_APPICON_NAME = AppIcon;
				ASSETCATALOG_COMPILER_GLOBAL_ACCENT_COLOR_NAME = AccentColor;
				CODE_SIGN_STYLE = Automatic;
				CURRENT_PROJECT_VERSION = 1;
				DEVELOPMENT_TEAM = R975Y8X2C9;
				GENERATE_INFOPLIST_FILE = YES;
				INFOPLIST_FILE = ImageBackgroundRemover/Info.plist;
				INFOPLIST_KEY_UIApplicationSupportsIndirectInputEvents = YES;
				INFOPLIST_KEY_UILaunchStoryboardName = LaunchScreen;
				INFOPLIST_KEY_UIMainStoryboardFile = Main;
				INFOPLIST_KEY_UISupportedInterfaceOrientations_iPad = "UIInterfaceOrientationPortrait UIInterfaceOrientationPortraitUpsideDown UIInterfaceOrientationLandscapeLeft UIInterfaceOrientationLandscapeRight";
				INFOPLIST_KEY_UISupportedInterfaceOrientations_iPhone = "UIInterfaceOrientationPortrait UIInterfaceOrientationLandscapeLeft UIInterfaceOrientationLandscapeRight";
				IPHONEOS_DEPLOYMENT_TARGET = 15.0;
				LD_RUNPATH_SEARCH_PATHS = (
					"$(inherited)",
					"@executable_path/Frameworks",
				);
				MARKETING_VERSION = 1.0;
				PRODUCT_BUNDLE_IDENTIFIER = com.ImageBackgroundRemover;
				PRODUCT_NAME = "$(TARGET_NAME)";
				SWIFT_EMIT_LOC_STRINGS = YES;
				SWIFT_VERSION = 5.0;
				TARGETED_DEVICE_FAMILY = "1,2";
			};
			name = Debug;
		};
		EE2D739C29543B35004A2CFA /* Release */ = {
			isa = XCBuildConfiguration;
			baseConfigurationReference = B252FD314583A6A9931D7B06 /* Pods-AI Editor.release.xcconfig */;
			buildSettings = {
				ASSETCATALOG_COMPILER_APPICON_NAME = AppIcon;
				ASSETCATALOG_COMPILER_GLOBAL_ACCENT_COLOR_NAME = AccentColor;
				CODE_SIGN_STYLE = Automatic;
				CURRENT_PROJECT_VERSION = 1;
				DEVELOPMENT_TEAM = R975Y8X2C9;
				GENERATE_INFOPLIST_FILE = YES;
				INFOPLIST_FILE = ImageBackgroundRemover/Info.plist;
				INFOPLIST_KEY_UIApplicationSupportsIndirectInputEvents = YES;
				INFOPLIST_KEY_UILaunchStoryboardName = LaunchScreen;
				INFOPLIST_KEY_UIMainStoryboardFile = Main;
				INFOPLIST_KEY_UISupportedInterfaceOrientations_iPad = "UIInterfaceOrientationPortrait UIInterfaceOrientationPortraitUpsideDown UIInterfaceOrientationLandscapeLeft UIInterfaceOrientationLandscapeRight";
				INFOPLIST_KEY_UISupportedInterfaceOrientations_iPhone = "UIInterfaceOrientationPortrait UIInterfaceOrientationLandscapeLeft UIInterfaceOrientationLandscapeRight";
				IPHONEOS_DEPLOYMENT_TARGET = 15.0;
				LD_RUNPATH_SEARCH_PATHS = (
					"$(inherited)",
					"@executable_path/Frameworks",
				);
				MARKETING_VERSION = 1.0;
				PRODUCT_BUNDLE_IDENTIFIER = com.ImageBackgroundRemover;
				PRODUCT_NAME = "$(TARGET_NAME)";
				SWIFT_EMIT_LOC_STRINGS = YES;
				SWIFT_VERSION = 5.0;
				TARGETED_DEVICE_FAMILY = "1,2";
			};
			name = Release;
		};
/* End XCBuildConfiguration section */

/* Begin XCConfigurationList section */
		EE2D737E29543B33004A2CFA /* Build configuration list for PBXProject "AI Editor" */ = {
			isa = XCConfigurationList;
			buildConfigurations = (
				EE2D739829543B35004A2CFA /* Debug */,
				EE2D739929543B35004A2CFA /* Release */,
			);
			defaultConfigurationIsVisible = 0;
			defaultConfigurationName = Release;
		};
		EE2D739A29543B35004A2CFA /* Build configuration list for PBXNativeTarget "AI Editor" */ = {
			isa = XCConfigurationList;
			buildConfigurations = (
				EE2D739B29543B35004A2CFA /* Debug */,
				EE2D739C29543B35004A2CFA /* Release */,
			);
			defaultConfigurationIsVisible = 0;
			defaultConfigurationName = Release;
		};
/* End XCConfigurationList section */

/* Begin XCRemoteSwiftPackageReference section */
		EE392B1A2959BBEA007DC35C /* XCRemoteSwiftPackageReference "SemanticImage" */ = {
			isa = XCRemoteSwiftPackageReference;
			repositoryURL = "https://github.com/john-rocky/SemanticImage.git";
			requirement = {
				branch = main;
				kind = branch;
			};
		};
/* End XCRemoteSwiftPackageReference section */

/* Begin XCVersionGroup section */
		EE2D738F29543B33004A2CFA /* ImageBackgroundRemover.xcdatamodeld */ = {
			isa = XCVersionGroup;
			children = (
				EE2D739029543B33004A2CFA /* ImageBackgroundRemover.xcdatamodel */,
			);
			currentVersion = EE2D739029543B33004A2CFA /* ImageBackgroundRemover.xcdatamodel */;
			path = ImageBackgroundRemover.xcdatamodeld;
			sourceTree = "<group>";
			versionGroupType = wrapper.xcdatamodel;
		};
/* End XCVersionGroup section */
	};
	rootObject = EE2D737B29543B33004A2CFA /* Project object */;
}
